
Microsoft Visual Studio Solution File, Format Version 12.00
Project("{FAE04EC0-301F-11D3-BF4B-00C04F79EFBC}") = "ReddIF", "ReddIF\ReddIF.csproj", "{A8A2D2C1-FFD0-40B8-8E79-CBA2EA7A0B7F}"
EndProject
Global
	GlobalSection(SolutionConfigurationPlatforms) = preSolution
		Debug|Any CPU = Debug|Any CPU
		Release|Any CPU = Release|Any CPU
	EndGlobalSection
	GlobalSection(ProjectConfigurationPlatforms) = postSolution
		{A8A2D2C1-FFD0-40B8-8E79-CBA2EA7A0B7F}.Debug|Any CPU.ActiveCfg = Debug|Any CPU
		{A8A2D2C1-FFD0-40B8-8E79-CBA2EA7A0B7F}.Debug|Any CPU.Build.0 = Debug|Any CPU
		{A8A2D2C1-FFD0-40B8-8E79-CBA2EA7A0B7F}.Release|Any CPU.ActiveCfg = Release|Any CPU
		{A8A2D2C1-FFD0-40B8-8E79-CBA2EA7A0B7F}.Release|Any CPU.Build.0 = Release|Any CPU
	EndGlobalSection
EndGlobal
